
Microsoft Visual Studio Solution File, Format Version 12.00
# Visual Studio Version 17
VisualStudioVersion = 17.13.35913.81 d17.13
MinimumVisualStudioVersion = 10.0.40219.1
Project("{FAE04EC0-301F-11D3-BF4B-00C04F79EFBC}") = "Rocky", "Rocky\Rocky.csproj", "{FB86F2BA-1007-4CBB-8C9B-4116C94C5C0E}"
EndProject
Global
	GlobalSection(SolutionConfigurationPlatforms) = preSolution
		Debug|Any CPU = Debug|Any CPU
		Release|Any CPU = Release|Any CPU
	EndGlobalSection
	GlobalSection(ProjectConfigurationPlatforms) = postSolution
		{FB86F2BA-1007-4CBB-8C9B-4116C94C5C0E}.Debug|Any CPU.ActiveCfg = Debug|Any CPU
		{FB86F2BA-1007-4CBB-8C9B-4116C94C5C0E}.Debug|Any CPU.Build.0 = Debug|Any CPU
		{FB86F2BA-1007-4CBB-8C9B-4116C94C5C0E}.Release|Any CPU.ActiveCfg = Release|Any CPU
		{FB86F2BA-1007-4CBB-8C9B-4116C94C5C0E}.Release|Any CPU.Build.0 = Release|Any CPU
	EndGlobalSection
	GlobalSection(SolutionProperties) = preSolution
		HideSolutionNode = FALSE
	EndGlobalSection
	GlobalSection(ExtensibilityGlobals) = postSolution
		SolutionGuid = {E336AC39-68C9-435C-A8D9-B171CEF65B5F}
	EndGlobalSection
EndGlobal
